
Microsoft Visual Studio Solution File, Format Version 12.00
# Visual Studio 14
VisualStudioVersion = 14.0.25420.1
MinimumVisualStudioVersion = 10.0.40219.1
Project("{FAE04EC0-301F-11D3-BF4B-00C04F79EFBC}") = "TestPreInstalledApp", "TestPreInstalledApp\TestPreInstalledApp.csproj", "{EA6D39A8-D878-4A89-A6EA-924F402D23BE}"
EndProject
Project("{FAE04EC0-301F-11D3-BF4B-00C04F79EFBC}") = "BackgroundTask", "BackgroundTask\BackgroundTask.csproj", "{6C492BEC-AE93-4B26-A8A7-2240F4BF0884}"
EndProject
Global
	GlobalSection(SolutionConfigurationPlatforms) = preSolution
		Debug|Any CPU = Debug|Any CPU
		Debug|ARM = Debug|ARM
		Debug|x64 = Debug|x64
		Debug|x86 = Debug|x86
		Release|Any CPU = Release|Any CPU
		Release|ARM = Release|ARM
		Release|x64 = Release|x64
		Release|x86 = Release|x86
	EndGlobalSection
	GlobalSection(ProjectConfigurationPlatforms) = postSolution
		{EA6D39A8-D878-4A89-A6EA-924F402D23BE}.Debug|Any CPU.ActiveCfg = Debug|x86
		{EA6D39A8-D878-4A89-A6EA-924F402D23BE}.Debug|ARM.ActiveCfg = Debug|ARM
		{EA6D39A8-D878-4A89-A6EA-924F402D23BE}.Debug|ARM.Build.0 = Debug|ARM
		{EA6D39A8-D878-4A89-A6EA-924F402D23BE}.Debug|ARM.Deploy.0 = Debug|ARM
		{EA6D39A8-D878-4A89-A6EA-924F402D23BE}.Debug|x64.ActiveCfg = Debug|x64
		{EA6D39A8-D878-4A89-A6EA-924F402D23BE}.Debug|x64.Build.0 = Debug|x64
		{EA6D39A8-D878-4A89-A6EA-924F402D23BE}.Debug|x64.Deploy.0 = Debug|x64
		{EA6D39A8-D878-4A89-A6EA-924F402D23BE}.Debug|x86.ActiveCfg = Debug|x86
		{EA6D39A8-D878-4A89-A6EA-924F402D23BE}.Debug|x86.Build.0 = Debug|x86
		{EA6D39A8-D878-4A89-A6EA-924F402D23BE}.Debug|x86.Deploy.0 = Debug|x86
		{EA6D39A8-D878-4A89-A6EA-924F402D23BE}.Release|Any CPU.ActiveCfg = Release|x86
		{EA6D39A8-D878-4A89-A6EA-924F402D23BE}.Release|ARM.ActiveCfg = Release|ARM
		{EA6D39A8-D878-4A89-A6EA-924F402D23BE}.Release|ARM.Build.0 = Release|ARM
		{EA6D39A8-D878-4A89-A6EA-924F402D23BE}.Release|ARM.Deploy.0 = Release|ARM
		{EA6D39A8-D878-4A89-A6EA-924F402D23BE}.Release|x64.ActiveCfg = Release|x64
		{EA6D39A8-D878-4A89-A6EA-924F402D23BE}.Release|x64.Build.0 = Release|x64
		{EA6D39A8-D878-4A89-A6EA-924F402D23BE}.Release|x64.Deploy.0 = Release|x64
		{EA6D39A8-D878-4A89-A6EA-924F402D23BE}.Release|x86.ActiveCfg = Release|x86
		{EA6D39A8-D878-4A89-A6EA-924F402D23BE}.Release|x86.Build.0 = Release|x86
		{EA6D39A8-D878-4A89-A6EA-924F402D23BE}.Release|x86.Deploy.0 = Release|x86
		{6C492BEC-AE93-4B26-A8A7-2240F4BF0884}.Debug|Any CPU.ActiveCfg = Debug|Any CPU
		{6C492BEC-AE93-4B26-A8A7-2240F4BF0884}.Debug|Any CPU.Build.0 = Debug|Any CPU
		{6C492BEC-AE93-4B26-A8A7-2240F4BF0884}.Debug|ARM.ActiveCfg = Debug|ARM
		{6C492BEC-AE93-4B26-A8A7-2240F4BF0884}.Debug|ARM.Build.0 = Debug|ARM
		{6C492BEC-AE93-4B26-A8A7-2240F4BF0884}.Debug|x64.ActiveCfg = Debug|x64
		{6C492BEC-AE93-4B26-A8A7-2240F4BF0884}.Debug|x64.Build.0 = Debug|x64
		{6C492BEC-AE93-4B26-A8A7-2240F4BF0884}.Debug|x86.ActiveCfg = Debug|x86
		{6C492BEC-AE93-4B26-A8A7-2240F4BF0884}.Debug|x86.Build.0 = Debug|x86
		{6C492BEC-AE93-4B26-A8A7-2240F4BF0884}.Release|Any CPU.ActiveCfg = Release|Any CPU
		{6C492BEC-AE93-4B26-A8A7-2240F4BF0884}.Release|Any CPU.Build.0 = Release|Any CPU
		{6C492BEC-AE93-4B26-A8A7-2240F4BF0884}.Release|ARM.ActiveCfg = Release|ARM
		{6C492BEC-AE93-4B26-A8A7-2240F4BF0884}.Release|ARM.Build.0 = Release|ARM
		{6C492BEC-AE93-4B26-A8A7-2240F4BF0884}.Release|x64.ActiveCfg = Release|x64
		{6C492BEC-AE93-4B26-A8A7-2240F4BF0884}.Release|x64.Build.0 = Release|x64
		{6C492BEC-AE93-4B26-A8A7-2240F4BF0884}.Release|x86.ActiveCfg = Release|x86
		{6C492BEC-AE93-4B26-A8A7-2240F4BF0884}.Release|x86.Build.0 = Release|x86
	EndGlobalSection
	GlobalSection(SolutionProperties) = preSolution
		HideSolutionNode = FALSE
	EndGlobalSection
	GlobalSection(MercurialSourceControlSolutionProperties) = preSolution
		SolutionIsControlled = True
		SolutionBindings = <Solution Location In Database>
	EndGlobalSection
EndGlobal
